
Microsoft Visual Studio Solution File, Format Version 12.00
# Visual Studio Version 17
VisualStudioVersion = 17.5.2.0
MinimumVisualStudioVersion = 10.0.40219.1
Project("{2150E333-8FDC-42A3-9474-1A3956D46DE8}") = "api", "api", "{D82C56D6-B2CD-F611-9E31-04638F7EC30E}"
EndProject
Project("{FAE04EC0-301F-11D3-BF4B-00C04F79EFBC}") = "OnlyFling.Api", "api\OnlyFling.Api.csproj", "{11B68C29-583A-2CDA-2A54-4B9AB8799A6B}"
EndProject
Project("{2150E333-8FDC-42A3-9474-1A3956D46DE8}") = "tests", "tests", "{BA474DCE-A160-6553-7451-04E3D54504A5}"
EndProject
Project("{FAE04EC0-301F-11D3-BF4B-00C04F79EFBC}") = "OnlyFling.Api.Bdd", "api\tests\OnlyFling.Api.Bdd\OnlyFling.Api.Bdd.csproj", "{AB668E9E-6469-48EC-A316-E80283D9264E}"
EndProject
Project("{2150E333-8FDC-42A3-9474-1A3956D46DE8}") = "aspire", "aspire", "{64880D93-BAB4-FF83-898C-B934B68C31A9}"
EndProject
Project("{FAE04EC0-301F-11D3-BF4B-00C04F79EFBC}") = "OnlyFling.AppHost", "aspire\OnlyFling.AppHost\OnlyFling.AppHost.csproj", "{D887FBE3-5A49-42DD-B9CD-234EF0C03CDD}"
EndProject
Project("{FAE04EC0-301F-11D3-BF4B-00C04F79EFBC}") = "OnlyFling.ServiceDefaults", "aspire\OnlyFling.ServiceDefaults\OnlyFling.ServiceDefaults.csproj", "{44C890E2-2226-425F-B3AF-BDA30774C120}"
EndProject
Global
	GlobalSection(SolutionConfigurationPlatforms) = preSolution
		Debug|Any CPU = Debug|Any CPU
		Debug|x64 = Debug|x64
		Debug|x86 = Debug|x86
		Release|Any CPU = Release|Any CPU
		Release|x64 = Release|x64
		Release|x86 = Release|x86
	EndGlobalSection
	GlobalSection(ProjectConfigurationPlatforms) = postSolution
		{11B68C29-583A-2CDA-2A54-4B9AB8799A6B}.Debug|Any CPU.ActiveCfg = Debug|Any CPU
		{11B68C29-583A-2CDA-2A54-4B9AB8799A6B}.Debug|Any CPU.Build.0 = Debug|Any CPU
		{11B68C29-583A-2CDA-2A54-4B9AB8799A6B}.Debug|x64.ActiveCfg = Debug|Any CPU
		{11B68C29-583A-2CDA-2A54-4B9AB8799A6B}.Debug|x64.Build.0 = Debug|Any CPU
		{11B68C29-583A-2CDA-2A54-4B9AB8799A6B}.Debug|x86.ActiveCfg = Debug|Any CPU
		{11B68C29-583A-2CDA-2A54-4B9AB8799A6B}.Debug|x86.Build.0 = Debug|Any CPU
		{11B68C29-583A-2CDA-2A54-4B9AB8799A6B}.Release|Any CPU.ActiveCfg = Release|Any CPU
		{11B68C29-583A-2CDA-2A54-4B9AB8799A6B}.Release|Any CPU.Build.0 = Release|Any CPU
		{11B68C29-583A-2CDA-2A54-4B9AB8799A6B}.Release|x64.ActiveCfg = Release|Any CPU
		{11B68C29-583A-2CDA-2A54-4B9AB8799A6B}.Release|x64.Build.0 = Release|Any CPU
		{11B68C29-583A-2CDA-2A54-4B9AB8799A6B}.Release|x86.ActiveCfg = Release|Any CPU
		{11B68C29-583A-2CDA-2A54-4B9AB8799A6B}.Release|x86.Build.0 = Release|Any CPU
		{AB668E9E-6469-48EC-A316-E80283D9264E}.Debug|Any CPU.ActiveCfg = Debug|Any CPU
		{AB668E9E-6469-48EC-A316-E80283D9264E}.Debug|Any CPU.Build.0 = Debug|Any CPU
		{AB668E9E-6469-48EC-A316-E80283D9264E}.Debug|x64.ActiveCfg = Debug|Any CPU
		{AB668E9E-6469-48EC-A316-E80283D9264E}.Debug|x64.Build.0 = Debug|Any CPU
		{AB668E9E-6469-48EC-A316-E80283D9264E}.Debug|x86.ActiveCfg = Debug|Any CPU
		{AB668E9E-6469-48EC-A316-E80283D9264E}.Debug|x86.Build.0 = Debug|Any CPU
		{AB668E9E-6469-48EC-A316-E80283D9264E}.Release|Any CPU.ActiveCfg = Release|Any CPU
		{AB668E9E-6469-48EC-A316-E80283D9264E}.Release|Any CPU.Build.0 = Release|Any CPU
		{AB668E9E-6469-48EC-A316-E80283D9264E}.Release|x64.ActiveCfg = Release|Any CPU
		{AB668E9E-6469-48EC-A316-E80283D9264E}.Release|x64.Build.0 = Release|Any CPU
		{AB668E9E-6469-48EC-A316-E80283D9264E}.Release|x86.ActiveCfg = Release|Any CPU
		{AB668E9E-6469-48EC-A316-E80283D9264E}.Release|x86.Build.0 = Release|Any CPU
		{D887FBE3-5A49-42DD-B9CD-234EF0C03CDD}.Debug|Any CPU.ActiveCfg = Debug|Any CPU
		{D887FBE3-5A49-42DD-B9CD-234EF0C03CDD}.Debug|Any CPU.Build.0 = Debug|Any CPU
		{D887FBE3-5A49-42DD-B9CD-234EF0C03CDD}.Debug|x64.ActiveCfg = Debug|Any CPU
		{D887FBE3-5A49-42DD-B9CD-234EF0C03CDD}.Debug|x64.Build.0 = Debug|Any CPU
		{D887FBE3-5A49-42DD-B9CD-234EF0C03CDD}.Debug|x86.ActiveCfg = Debug|Any CPU
		{D887FBE3-5A49-42DD-B9CD-234EF0C03CDD}.Debug|x86.Build.0 = Debug|Any CPU
		{D887FBE3-5A49-42DD-B9CD-234EF0C03CDD}.Release|Any CPU.ActiveCfg = Release|Any CPU
		{D887FBE3-5A49-42DD-B9CD-234EF0C03CDD}.Release|Any CPU.Build.0 = Release|Any CPU
		{D887FBE3-5A49-42DD-B9CD-234EF0C03CDD}.Release|x64.ActiveCfg = Release|Any CPU
		{D887FBE3-5A49-42DD-B9CD-234EF0C03CDD}.Release|x64.Build.0 = Release|Any CPU
		{D887FBE3-5A49-42DD-B9CD-234EF0C03CDD}.Release|x86.ActiveCfg = Release|Any CPU
		{D887FBE3-5A49-42DD-B9CD-234EF0C03CDD}.Release|x86.Build.0 = Release|Any CPU
		{44C890E2-2226-425F-B3AF-BDA30774C120}.Debug|Any CPU.ActiveCfg = Debug|Any CPU
		{44C890E2-2226-425F-B3AF-BDA30774C120}.Debug|Any CPU.Build.0 = Debug|Any CPU
		{44C890E2-2226-425F-B3AF-BDA30774C120}.Debug|x64.ActiveCfg = Debug|Any CPU
		{44C890E2-2226-425F-B3AF-BDA30774C120}.Debug|x64.Build.0 = Debug|Any CPU
		{44C890E2-2226-425F-B3AF-BDA30774C120}.Debug|x86.ActiveCfg = Debug|Any CPU
		{44C890E2-2226-425F-B3AF-BDA30774C120}.Debug|x86.Build.0 = Debug|Any CPU
		{44C890E2-2226-425F-B3AF-BDA30774C120}.Release|Any CPU.ActiveCfg = Release|Any CPU
		{44C890E2-2226-425F-B3AF-BDA30774C120}.Release|Any CPU.Build.0 = Release|Any CPU
		{44C890E2-2226-425F-B3AF-BDA30774C120}.Release|x64.ActiveCfg = Release|Any CPU
		{44C890E2-2226-425F-B3AF-BDA30774C120}.Release|x64.Build.0 = Release|Any CPU
		{44C890E2-2226-425F-B3AF-BDA30774C120}.Release|x86.ActiveCfg = Release|Any CPU
		{44C890E2-2226-425F-B3AF-BDA30774C120}.Release|x86.Build.0 = Release|Any CPU
	EndGlobalSection
	GlobalSection(SolutionProperties) = preSolution
		HideSolutionNode = FALSE
	EndGlobalSection
	GlobalSection(NestedProjects) = preSolution
		{11B68C29-583A-2CDA-2A54-4B9AB8799A6B} = {D82C56D6-B2CD-F611-9E31-04638F7EC30E}
		{BA474DCE-A160-6553-7451-04E3D54504A5} = {D82C56D6-B2CD-F611-9E31-04638F7EC30E}
		{AB668E9E-6469-48EC-A316-E80283D9264E} = {BA474DCE-A160-6553-7451-04E3D54504A5}
		{D887FBE3-5A49-42DD-B9CD-234EF0C03CDD} = {64880D93-BAB4-FF83-898C-B934B68C31A9}
		{44C890E2-2226-425F-B3AF-BDA30774C120} = {64880D93-BAB4-FF83-898C-B934B68C31A9}
	EndGlobalSection
	GlobalSection(ExtensibilityGlobals) = postSolution
		SolutionGuid = {637F094E-73D5-4876-8014-5FDDA1D2E584}
	EndGlobalSection
EndGlobal
